
Microsoft Visual Studio Solution File, Format Version 12.00
# Visual Studio Version 17
VisualStudioVersion = 17.5.33103.201
MinimumVisualStudioVersion = 10.0.40219.1
Project("{FAE04EC0-301F-11D3-BF4B-00C04F79EFBC}") = "ServiceA", "FullTZ\ServiceA.csproj", "{857E8904-B515-4A34-854A-BC4664EADF83}"
EndProject
Project("{FAE04EC0-301F-11D3-BF4B-00C04F79EFBC}") = "ServiceB", "ServiceB\ServiceB.csproj", "{CCC5EB36-59C2-44A2-81EE-9DE1396DD509}"
EndProject
Project("{FAE04EC0-301F-11D3-BF4B-00C04F79EFBC}") = "ServiceC", "ServiceC\ServiceC.csproj", "{A8850145-390E-45BE-AA8B-207B9569D1F5}"
EndProject
Global
	GlobalSection(SolutionConfigurationPlatforms) = preSolution
		Debug|Any CPU = Debug|Any CPU
		Release|Any CPU = Release|Any CPU
	EndGlobalSection
	GlobalSection(ProjectConfigurationPlatforms) = postSolution
		{857E8904-B515-4A34-854A-BC4664EADF83}.Debug|Any CPU.ActiveCfg = Debug|Any CPU
		{857E8904-B515-4A34-854A-BC4664EADF83}.Debug|Any CPU.Build.0 = Debug|Any CPU
		{857E8904-B515-4A34-854A-BC4664EADF83}.Release|Any CPU.ActiveCfg = Release|Any CPU
		{857E8904-B515-4A34-854A-BC4664EADF83}.Release|Any CPU.Build.0 = Release|Any CPU
		{CCC5EB36-59C2-44A2-81EE-9DE1396DD509}.Debug|Any CPU.ActiveCfg = Debug|Any CPU
		{CCC5EB36-59C2-44A2-81EE-9DE1396DD509}.Debug|Any CPU.Build.0 = Debug|Any CPU
		{CCC5EB36-59C2-44A2-81EE-9DE1396DD509}.Release|Any CPU.ActiveCfg = Release|Any CPU
		{CCC5EB36-59C2-44A2-81EE-9DE1396DD509}.Release|Any CPU.Build.0 = Release|Any CPU
		{A8850145-390E-45BE-AA8B-207B9569D1F5}.Debug|Any CPU.ActiveCfg = Debug|Any CPU
		{A8850145-390E-45BE-AA8B-207B9569D1F5}.Debug|Any CPU.Build.0 = Debug|Any CPU
		{A8850145-390E-45BE-AA8B-207B9569D1F5}.Release|Any CPU.ActiveCfg = Release|Any CPU
		{A8850145-390E-45BE-AA8B-207B9569D1F5}.Release|Any CPU.Build.0 = Release|Any CPU
	EndGlobalSection
	GlobalSection(SolutionProperties) = preSolution
		HideSolutionNode = FALSE
	EndGlobalSection
	GlobalSection(ExtensibilityGlobals) = postSolution
		SolutionGuid = {19361EF7-800D-447B-850B-605D58991FF3}
	EndGlobalSection
EndGlobal
